// !$*UTF8*$!
{
	archiveVersion = 1;
	classes = {
	};
	objectVersion = 50;
	objects = {

/* Begin PBXBuildFile section */
		84B864B72299258600DB3197 /* AppDelegate.swift in Sources */ = {isa = PBXBuildFile; fileRef = 84B864B62299258600DB3197 /* AppDelegate.swift */; };
		84B864B92299258600DB3197 /* EntryViewController.swift in Sources */ = {isa = PBXBuildFile; fileRef = 84B864B82299258600DB3197 /* EntryViewController.swift */; };
		84B864BC2299258600DB3197 /* Main.storyboard in Resources */ = {isa = PBXBuildFile; fileRef = 84B864BA2299258600DB3197 /* Main.storyboard */; };
		84B864BE2299258800DB3197 /* Assets.xcassets in Resources */ = {isa = PBXBuildFile; fileRef = 84B864BD2299258800DB3197 /* Assets.xcassets */; };
		84B864C12299258800DB3197 /* LaunchScreen.storyboard in Resources */ = {isa = PBXBuildFile; fileRef = 84B864BF2299258800DB3197 /* LaunchScreen.storyboard */; };
		84B864CA22992D3E00DB3197 /* Components.swift in Sources */ = {isa = PBXBuildFile; fileRef = 84B864C922992D3E00DB3197 /* Components.swift */; };
		84B864CC2299361E00DB3197 /* Extensions.swift in Sources */ = {isa = PBXBuildFile; fileRef = 84B864CB2299361E00DB3197 /* Extensions.swift */; };
		84B864CE22993A1F00DB3197 /* BaseViewController.swift in Sources */ = {isa = PBXBuildFile; fileRef = 84B864CD22993A1F00DB3197 /* BaseViewController.swift */; };
		84D18DBF2299816000196C1E /* ProfileTableViewController.swift in Sources */ = {isa = PBXBuildFile; fileRef = 84D18DBE2299816000196C1E /* ProfileTableViewController.swift */; };
		84D18DC22299939800196C1E /* ProfileInfoTableViewController.swift in Sources */ = {isa = PBXBuildFile; fileRef = 84D18DC12299939800196C1E /* ProfileInfoTableViewController.swift */; };
		84D18DC4229993AD00196C1E /* ChangePasswordTableViewController.swift in Sources */ = {isa = PBXBuildFile; fileRef = 84D18DC3229993AD00196C1E /* ChangePasswordTableViewController.swift */; };
		84DC3C9922ABD42900B33FA6 /* BaseTableViewController.swift in Sources */ = {isa = PBXBuildFile; fileRef = 84DC3C9822ABD42900B33FA6 /* BaseTableViewController.swift */; };
		8765D48521230D4BCA4646AB /* Pods_Myself.framework in Frameworks */ = {isa = PBXBuildFile; fileRef = 0E180446249B4A8ECBD3B21D /* Pods_Myself.framework */; };
/* End PBXBuildFile section */

/* Begin PBXFileReference section */
		0E180446249B4A8ECBD3B21D /* Pods_Myself.framework */ = {isa = PBXFileReference; explicitFileType = wrapper.framework; includeInIndex = 0; path = Pods_Myself.framework; sourceTree = BUILT_PRODUCTS_DIR; };
		84B864B32299258600DB3197 /* Myself.app */ = {isa = PBXFileReference; explicitFileType = wrapper.application; includeInIndex = 0; path = Myself.app; sourceTree = BUILT_PRODUCTS_DIR; };
		84B864B62299258600DB3197 /* AppDelegate.swift */ = {isa = PBXFileReference; lastKnownFileType = sourcecode.swift; path = AppDelegate.swift; sourceTree = "<group>"; };
		84B864B82299258600DB3197 /* EntryViewController.swift */ = {isa = PBXFileReference; lastKnownFileType = sourcecode.swift; path = EntryViewController.swift; sourceTree = "<group>"; };
		84B864BB2299258600DB3197 /* Base */ = {isa = PBXFileReference; lastKnownFileType = file.storyboard; name = Base; path = Base.lproj/Main.storyboard; sourceTree = "<group>"; };
		84B864BD2299258800DB3197 /* Assets.xcassets */ = {isa = PBXFileReference; lastKnownFileType = folder.assetcatalog; path = Assets.xcassets; sourceTree = "<group>"; };
		84B864C02299258800DB3197 /* Base */ = {isa = PBXFileReference; lastKnownFileType = file.storyboard; name = Base; path = Base.lproj/LaunchScreen.storyboard; sourceTree = "<group>"; };
		84B864C22299258800DB3197 /* Info.plist */ = {isa = PBXFileReference; lastKnownFileType = text.plist.xml; path = Info.plist; sourceTree = "<group>"; };
		84B864C922992D3E00DB3197 /* Components.swift */ = {isa = PBXFileReference; lastKnownFileType = sourcecode.swift; path = Components.swift; sourceTree = "<group>"; };
		84B864CB2299361E00DB3197 /* Extensions.swift */ = {isa = PBXFileReference; lastKnownFileType = sourcecode.swift; path = Extensions.swift; sourceTree = "<group>"; };
		84B864CD22993A1F00DB3197 /* BaseViewController.swift */ = {isa = PBXFileReference; lastKnownFileType = sourcecode.swift; path = BaseViewController.swift; sourceTree = "<group>"; };
		84D18DBE2299816000196C1E /* ProfileTableViewController.swift */ = {isa = PBXFileReference; lastKnownFileType = sourcecode.swift; path = ProfileTableViewController.swift; sourceTree = "<group>"; };
		84D18DC12299939800196C1E /* ProfileInfoTableViewController.swift */ = {isa = PBXFileReference; lastKnownFileType = sourcecode.swift; path = ProfileInfoTableViewController.swift; sourceTree = "<group>"; };
		84D18DC3229993AD00196C1E /* ChangePasswordTableViewController.swift */ = {isa = PBXFileReference; lastKnownFileType = sourcecode.swift; path = ChangePasswordTableViewController.swift; sourceTree = "<group>"; };
		84DC3C9822ABD42900B33FA6 /* BaseTableViewController.swift */ = {isa = PBXFileReference; lastKnownFileType = sourcecode.swift; path = BaseTableViewController.swift; sourceTree = "<group>"; };
		98D2ED0EFD113A469491B122 /* Pods-Myself.debug.xcconfig */ = {isa = PBXFileReference; includeInIndex = 1; lastKnownFileType = text.xcconfig; name = "Pods-Myself.debug.xcconfig"; path = "Target Support Files/Pods-Myself/Pods-Myself.debug.xcconfig"; sourceTree = "<group>"; };
		C24F77E81B06AEA80E414A38 /* Pods-Myself.release.xcconfig */ = {isa = PBXFileReference; includeInIndex = 1; lastKnownFileType = text.xcconfig; name = "Pods-Myself.release.xcconfig"; path = "Target Support Files/Pods-Myself/Pods-Myself.release.xcconfig"; sourceTree = "<group>"; };
/* End PBXFileReference section */

/* Begin PBXFrameworksBuildPhase section */
		84B864B02299258600DB3197 /* Frameworks */ = {
			isa = PBXFrameworksBuildPhase;
			buildActionMask = 2147483647;
			files = (
				8765D48521230D4BCA4646AB /* Pods_Myself.framework in Frameworks */,
			);
			runOnlyForDeploymentPostprocessing = 0;
		};
/* End PBXFrameworksBuildPhase section */

/* Begin PBXGroup section */
		1CBFAD36E959360431920E8B /* Pods */ = {
			isa = PBXGroup;
			children = (
				98D2ED0EFD113A469491B122 /* Pods-Myself.debug.xcconfig */,
				C24F77E81B06AEA80E414A38 /* Pods-Myself.release.xcconfig */,
			);
			path = Pods;
			sourceTree = "<group>";
		};
		84B864AA2299258500DB3197 = {
			isa = PBXGroup;
			children = (
				84B864B52299258600DB3197 /* Myself */,
				84B864B42299258600DB3197 /* Products */,
				1CBFAD36E959360431920E8B /* Pods */,
				A641C1A720DF025894F549AA /* Frameworks */,
			);
			sourceTree = "<group>";
		};
		84B864B42299258600DB3197 /* Products */ = {
			isa = PBXGroup;
			children = (
				84B864B32299258600DB3197 /* Myself.app */,
			);
			name = Products;
			sourceTree = "<group>";
		};
		84B864B52299258600DB3197 /* Myself */ = {
			isa = PBXGroup;
			children = (
				84B864B62299258600DB3197 /* AppDelegate.swift */,
				84D18DBD2299814500196C1E /* ViewControllers */,
				84D18DC62299942500196C1E /* Storyboards */,
				84B864C822992D1B00DB3197 /* Custom */,
				84B864BD2299258800DB3197 /* Assets.xcassets */,
				84B864C22299258800DB3197 /* Info.plist */,
			);
			path = Myself;
			sourceTree = "<group>";
		};
		84B864C822992D1B00DB3197 /* Custom */ = {
			isa = PBXGroup;
			children = (
				84B864C922992D3E00DB3197 /* Components.swift */,
				84B864CB2299361E00DB3197 /* Extensions.swift */,
				84B864CD22993A1F00DB3197 /* BaseViewController.swift */,
				84DC3C9822ABD42900B33FA6 /* BaseTableViewController.swift */,
			);
			path = Custom;
			sourceTree = "<group>";
		};
		84D18DBD2299814500196C1E /* ViewControllers */ = {
			isa = PBXGroup;
			children = (
				84D18DC5229993DF00196C1E /* Entry */,
				84D18DC02299931B00196C1E /* Profile */,
			);
			path = ViewControllers;
			sourceTree = "<group>";
		};
		84D18DC02299931B00196C1E /* Profile */ = {
			isa = PBXGroup;
			children = (
				84D18DBE2299816000196C1E /* ProfileTableViewController.swift */,
				84D18DC12299939800196C1E /* ProfileInfoTableViewController.swift */,
				84D18DC3229993AD00196C1E /* ChangePasswordTableViewController.swift */,
			);
			path = Profile;
			sourceTree = "<group>";
		};
		84D18DC5229993DF00196C1E /* Entry */ = {
			isa = PBXGroup;
			children = (
				84B864B82299258600DB3197 /* EntryViewController.swift */,
			);
			path = Entry;
			sourceTree = "<group>";
		};
		84D18DC62299942500196C1E /* Storyboards */ = {
			isa = PBXGroup;
			children = (
				84B864BA2299258600DB3197 /* Main.storyboard */,
				84B864BF2299258800DB3197 /* LaunchScreen.storyboard */,
			);
			path = Storyboards;
			sourceTree = "<group>";
		};
		A641C1A720DF025894F549AA /* Frameworks */ = {
			isa = PBXGroup;
			children = (
				0E180446249B4A8ECBD3B21D /* Pods_Myself.framework */,
			);
			name = Frameworks;
			sourceTree = "<group>";
		};
/* End PBXGroup section */

/* Begin PBXNativeTarget section */
		84B864B22299258600DB3197 /* Myself */ = {
			isa = PBXNativeTarget;
			buildConfigurationList = 84B864C52299258800DB3197 /* Build configuration list for PBXNativeTarget "Myself" */;
			buildPhases = (
				9822C64FDDA85008EC86C592 /* [CP] Check Pods Manifest.lock */,
				84B864AF2299258600DB3197 /* Sources */,
				84B864B02299258600DB3197 /* Frameworks */,
				84B864B12299258600DB3197 /* Resources */,
				0935ED353F70FDAFFBF91D7B /* [CP] Embed Pods Frameworks */,
			);
			buildRules = (
			);
			dependencies = (
			);
			name = Myself;
			productName = Myself;
			productReference = 84B864B32299258600DB3197 /* Myself.app */;
			productType = "com.apple.product-type.application";
		};
/* End PBXNativeTarget section */

/* Begin PBXProject section */
		84B864AB2299258500DB3197 /* Project object */ = {
			isa = PBXProject;
			attributes = {
				LastSwiftUpdateCheck = 1010;
				LastUpgradeCheck = 1010;
				ORGANIZATIONNAME = Freelance;
				TargetAttributes = {
					84B864B22299258600DB3197 = {
						CreatedOnToolsVersion = 10.1;
					};
				};
			};
			buildConfigurationList = 84B864AE2299258500DB3197 /* Build configuration list for PBXProject "Myself" */;
			compatibilityVersion = "Xcode 9.3";
			developmentRegion = en;
			hasScannedForEncodings = 0;
			knownRegions = (
				en,
				Base,
			);
			mainGroup = 84B864AA2299258500DB3197;
			productRefGroup = 84B864B42299258600DB3197 /* Products */;
			projectDirPath = "";
			projectRoot = "";
			targets = (
				84B864B22299258600DB3197 /* Myself */,
			);
		};
/* End PBXProject section */

/* Begin PBXResourcesBuildPhase section */
		84B864B12299258600DB3197 /* Resources */ = {
			isa = PBXResourcesBuildPhase;
			buildActionMask = 2147483647;
			files = (
				84B864C12299258800DB3197 /* LaunchScreen.storyboard in Resources */,
				84B864BE2299258800DB3197 /* Assets.xcassets in Resources */,
				84B864BC2299258600DB3197 /* Main.storyboard in Resources */,
			);
			runOnlyForDeploymentPostprocessing = 0;
		};
/* End PBXResourcesBuildPhase section */

/* Begin PBXShellScriptBuildPhase section */
		0935ED353F70FDAFFBF91D7B /* [CP] Embed Pods Frameworks */ = {
			isa = PBXShellScriptBuildPhase;
			buildActionMask = 2147483647;
			files = (
			);
			inputFileListPaths = (
			);
			inputPaths = (
				"${PODS_ROOT}/Target Support Files/Pods-Myself/Pods-Myself-frameworks.sh",
				"${BUILT_PRODUCTS_DIR}/TextFieldEffects/TextFieldEffects.framework",
			);
			name = "[CP] Embed Pods Frameworks";
			outputFileListPaths = (
			);
			outputPaths = (
				"${TARGET_BUILD_DIR}/${FRAMEWORKS_FOLDER_PATH}/TextFieldEffects.framework",
			);
			runOnlyForDeploymentPostprocessing = 0;
			shellPath = /bin/sh;
			shellScript = "\"${PODS_ROOT}/Target Support Files/Pods-Myself/Pods-Myself-frameworks.sh\"\n";
			showEnvVarsInLog = 0;
		};
		9822C64FDDA85008EC86C592 /* [CP] Check Pods Manifest.lock */ = {
			isa = PBXShellScriptBuildPhase;
			buildActionMask = 2147483647;
			files = (
			);
			inputFileListPaths = (
			);
			inputPaths = (
				"${PODS_PODFILE_DIR_PATH}/Podfile.lock",
				"${PODS_ROOT}/Manifest.lock",
			);
			name = "[CP] Check Pods Manifest.lock";
			outputFileListPaths = (
			);
			outputPaths = (
				"$(DERIVED_FILE_DIR)/Pods-Myself-checkManifestLockResult.txt",
			);
			runOnlyForDeploymentPostprocessing = 0;
			shellPath = /bin/sh;
			shellScript = "diff \"${PODS_PODFILE_DIR_PATH}/Podfile.lock\" \"${PODS_ROOT}/Manifest.lock\" > /dev/null\nif [ $? != 0 ] ; then\n    # print error to STDERR\n    echo \"error: The sandbox is not in sync with the Podfile.lock. Run 'pod install' or update your CocoaPods installation.\" >&2\n    exit 1\nfi\n# This output is used by Xcode 'outputs' to avoid re-running this script phase.\necho \"SUCCESS\" > \"${SCRIPT_OUTPUT_FILE_0}\"\n";
			showEnvVarsInLog = 0;
		};
/* End PBXShellScriptBuildPhase section */

/* Begin PBXSourcesBuildPhase section */
		84B864AF2299258600DB3197 /* Sources */ = {
			isa = PBXSourcesBuildPhase;
			buildActionMask = 2147483647;
			files = (
				84DC3C9922ABD42900B33FA6 /* BaseTableViewController.swift in Sources */,
				84D18DBF2299816000196C1E /* ProfileTableViewController.swift in Sources */,
				84B864CE22993A1F00DB3197 /* BaseViewController.swift in Sources */,
				84D18DC4229993AD00196C1E /* ChangePasswordTableViewController.swift in Sources */,
				84B864B92299258600DB3197 /* EntryViewController.swift in Sources */,
				84B864CA22992D3E00DB3197 /* Components.swift in Sources */,
				84B864B72299258600DB3197 /* AppDelegate.swift in Sources */,
				84D18DC22299939800196C1E /* ProfileInfoTableViewController.swift in Sources */,
				84B864CC2299361E00DB3197 /* Extensions.swift in Sources */,
			);
			runOnlyForDeploymentPostprocessing = 0;
		};
/* End PBXSourcesBuildPhase section */

/* Begin PBXVariantGroup section */
		84B864BA2299258600DB3197 /* Main.storyboard */ = {
			isa = PBXVariantGroup;
			children = (
				84B864BB2299258600DB3197 /* Base */,
			);
			name = Main.storyboard;
			sourceTree = "<group>";
		};
		84B864BF2299258800DB3197 /* LaunchScreen.storyboard */ = {
			isa = PBXVariantGroup;
			children = (
				84B864C02299258800DB3197 /* Base */,
			);
			name = LaunchScreen.storyboard;
			sourceTree = "<group>";
		};
/* End PBXVariantGroup section */

/* Begin XCBuildConfiguration section */
		84B864C32299258800DB3197 /* Debug */ = {
			isa = XCBuildConfiguration;
			buildSettings = {
				ALWAYS_SEARCH_USER_PATHS = NO;
				CLANG_ANALYZER_NONNULL = YES;
				CLANG_ANALYZER_NUMBER_OBJECT_CONVERSION = YES_AGGRESSIVE;
				CLANG_CXX_LANGUAGE_STANDARD = "gnu++14";
				CLANG_CXX_LIBRARY = "libc++";
				CLANG_ENABLE_MODULES = YES;
				CLANG_ENABLE_OBJC_ARC = YES;
				CLANG_ENABLE_OBJC_WEAK = YES;
				CLANG_WARN_BLOCK_CAPTURE_AUTORELEASING = YES;
				CLANG_WARN_BOOL_CONVERSION = YES;
				CLANG_WARN_COMMA = YES;
				CLANG_WARN_CONSTANT_CONVERSION = YES;
				CLANG_WARN_DEPRECATED_OBJC_IMPLEMENTATIONS = YES;
				CLANG_WARN_DIRECT_OBJC_ISA_USAGE = YES_ERROR;
				CLANG_WARN_DOCUMENTATION_COMMENTS = YES;
				CLANG_WARN_EMPTY_BODY = YES;
				CLANG_WARN_ENUM_CONVERSION = YES;
				CLANG_WARN_INFINITE_RECURSION = YES;
				CLANG_WARN_INT_CONVERSION = YES;
				CLANG_WARN_NON_LITERAL_NULL_CONVERSION = YES;
				CLANG_WARN_OBJC_IMPLICIT_RETAIN_SELF = YES;
				CLANG_WARN_OBJC_LITERAL_CONVERSION = YES;
				CLANG_WARN_OBJC_ROOT_CLASS = YES_ERROR;
				CLANG_WARN_RANGE_LOOP_ANALYSIS = YES;
				CLANG_WARN_STRICT_PROTOTYPES = YES;
				CLANG_WARN_SUSPICIOUS_MOVE = YES;
				CLANG_WARN_UNGUARDED_AVAILABILITY = YES_AGGRESSIVE;
				CLANG_WARN_UNREACHABLE_CODE = YES;
				CLANG_WARN__DUPLICATE_METHOD_MATCH = YES;
				CODE_SIGN_IDENTITY = "iPhone Developer";
				COPY_PHASE_STRIP = NO;
				DEBUG_INFORMATION_FORMAT = dwarf;
				ENABLE_STRICT_OBJC_MSGSEND = YES;
				ENABLE_TESTABILITY = YES;
				GCC_C_LANGUAGE_STANDARD = gnu11;
				GCC_DYNAMIC_NO_PIC = NO;
				GCC_NO_COMMON_BLOCKS = YES;
				GCC_OPTIMIZATION_LEVEL = 0;
				GCC_PREPROCESSOR_DEFINITIONS = (
					"DEBUG=1",
					"$(inherited)",
				);
				GCC_WARN_64_TO_32_BIT_CONVERSION = YES;
				GCC_WARN_ABOUT_RETURN_TYPE = YES_ERROR;
				GCC_WARN_UNDECLARED_SELECTOR = YES;
				GCC_WARN_UNINITIALIZED_AUTOS = YES_AGGRESSIVE;
				GCC_WARN_UNUSED_FUNCTION = YES;
				GCC_WARN_UNUSED_VARIABLE = YES;
				IPHONEOS_DEPLOYMENT_TARGET = 12.1;
				MTL_ENABLE_DEBUG_INFO = INCLUDE_SOURCE;
				MTL_FAST_MATH = YES;
				ONLY_ACTIVE_ARCH = YES;
				SDKROOT = iphoneos;
				SWIFT_ACTIVE_COMPILATION_CONDITIONS = DEBUG;
				SWIFT_OPTIMIZATION_LEVEL = "-Onone";
			};
			name = Debug;
		};
		84B864C42299258800DB3197 /* Release */ = {
			isa = XCBuildConfiguration;
			buildSettings = {
				ALWAYS_SEARCH_USER_PATHS = NO;
				CLANG_ANALYZER_NONNULL = YES;
				CLANG_ANALYZER_NUMBER_OBJECT_CONVERSION = YES_AGGRESSIVE;
				CLANG_CXX_LANGUAGE_STANDARD = "gnu++14";
				CLANG_CXX_LIBRARY = "libc++";
				CLANG_ENABLE_MODULES = YES;
				CLANG_ENABLE_OBJC_ARC = YES;
				CLANG_ENABLE_OBJC_WEAK = YES;
				CLANG_WARN_BLOCK_CAPTURE_AUTORELEASING = YES;
				CLANG_WARN_BOOL_CONVERSION = YES;
				CLANG_WARN_COMMA = YES;
				CLANG_WARN_CONSTANT_CONVERSION = YES;
				CLANG_WARN_DEPRECATED_OBJC_IMPLEMENTATIONS = YES;
				CLANG_WARN_DIRECT_OBJC_ISA_USAGE = YES_ERROR;
				CLANG_WARN_DOCUMENTATION_COMMENTS = YES;
				CLANG_WARN_EMPTY_BODY = YES;
				CLANG_WARN_ENUM_CONVERSION = YES;
				CLANG_WARN_INFINITE_RECURSION = YES;
				CLANG_WARN_INT_CONVERSION = YES;
				CLANG_WARN_NON_LITERAL_NULL_CONVERSION = YES;
				CLANG_WARN_OBJC_IMPLICIT_RETAIN_SELF = YES;
				CLANG_WARN_OBJC_LITERAL_CONVERSION = YES;
				CLANG_WARN_OBJC_ROOT_CLASS = YES_ERROR;
				CLANG_WARN_RANGE_LOOP_ANALYSIS = YES;
				CLANG_WARN_STRICT_PROTOTYPES = YES;
				CLANG_WARN_SUSPICIOUS_MOVE = YES;
				CLANG_WARN_UNGUARDED_AVAILABILITY = YES_AGGRESSIVE;
				CLANG_WARN_UNREACHABLE_CODE = YES;
				CLANG_WARN__DUPLICATE_METHOD_MATCH = YES;
				CODE_SIGN_IDENTITY = "iPhone Developer";
				COPY_PHASE_STRIP = NO;
				DEBUG_INFORMATION_FORMAT = "dwarf-with-dsym";
				ENABLE_NS_ASSERTIONS = NO;
				ENABLE_STRICT_OBJC_MSGSEND = YES;
				GCC_C_LANGUAGE_STANDARD = gnu11;
				GCC_NO_COMMON_BLOCKS = YES;
				GCC_WARN_64_TO_32_BIT_CONVERSION = YES;
				GCC_WARN_ABOUT_RETURN_TYPE = YES_ERROR;
				GCC_WARN_UNDECLARED_SELECTOR = YES;
				GCC_WARN_UNINITIALIZED_AUTOS = YES_AGGRESSIVE;
				GCC_WARN_UNUSED_FUNCTION = YES;
				GCC_WARN_UNUSED_VARIABLE = YES;
				IPHONEOS_DEPLOYMENT_TARGET = 12.1;
				MTL_ENABLE_DEBUG_INFO = NO;
				MTL_FAST_MATH = YES;
				SDKROOT = iphoneos;
				SWIFT_COMPILATION_MODE = wholemodule;
				SWIFT_OPTIMIZATION_LEVEL = "-O";
				VALIDATE_PRODUCT = YES;
			};
			name = Release;
		};
		84B864C62299258800DB3197 /* Debug */ = {
			isa = XCBuildConfiguration;
			baseConfigurationReference = 98D2ED0EFD113A469491B122 /* Pods-Myself.debug.xcconfig */;
			buildSettings = {
				ASSETCATALOG_COMPILER_APPICON_NAME = AppIcon;
				CODE_SIGN_STYLE = Automatic;
				DEVELOPMENT_TEAM = N2TR7UP236;
				INFOPLIST_FILE = Myself/Info.plist;
				LD_RUNPATH_SEARCH_PATHS = (
					"$(inherited)",
					"@executable_path/Frameworks",
				);
				PRODUCT_BUNDLE_IDENTIFIER = com.freelance.Myself;
				PRODUCT_NAME = "$(TARGET_NAME)";
				SWIFT_VERSION = 4.2;
				TARGETED_DEVICE_FAMILY = "1,2";
			};
			name = Debug;
		};
		84B864C72299258800DB3197 /* Release */ = {
			isa = XCBuildConfiguration;
			baseConfigurationReference = C24F77E81B06AEA80E414A38 /* Pods-Myself.release.xcconfig */;
			buildSettings = {
				ASSETCATALOG_COMPILER_APPICON_NAME = AppIcon;
				CODE_SIGN_STYLE = Automatic;
				DEVELOPMENT_TEAM = N2TR7UP236;
				INFOPLIST_FILE = Myself/Info.plist;
				LD_RUNPATH_SEARCH_PATHS = (
					"$(inherited)",
					"@executable_path/Frameworks",
				);
				PRODUCT_BUNDLE_IDENTIFIER = com.freelance.Myself;
				PRODUCT_NAME = "$(TARGET_NAME)";
				SWIFT_VERSION = 4.2;
				TARGETED_DEVICE_FAMILY = "1,2";
			};
			name = Release;
		};
/* End XCBuildConfiguration section */

/* Begin XCConfigurationList section */
		84B864AE2299258500DB3197 /* Build configuration list for PBXProject "Myself" */ = {
			isa = XCConfigurationList;
			buildConfigurations = (
				84B864C32299258800DB3197 /* Debug */,
				84B864C42299258800DB3197 /* Release */,
			);
			defaultConfigurationIsVisible = 0;
			defaultConfigurationName = Release;
		};
		84B864C52299258800DB3197 /* Build configuration list for PBXNativeTarget "Myself" */ = {
			isa = XCConfigurationList;
			buildConfigurations = (
				84B864C62299258800DB3197 /* Debug */,
				84B864C72299258800DB3197 /* Release */,
			);
			defaultConfigurationIsVisible = 0;
			defaultConfigurationName = Release;
		};
/* End XCConfigurationList section */
	};
	rootObject = 84B864AB2299258500DB3197 /* Project object */;
}
